
Microsoft Visual Studio Solution File, Format Version 12.00
# Visual Studio Version 16
VisualStudioVersion = 16.0.30907.101
MinimumVisualStudioVersion = 10.0.40219.1
Project("{9A19103F-16F7-4668-BE54-9A1E7A4F7556}") = "_01_TaskCreation", "_01_TaskCreation\_01_TaskCreation.csproj", "{D1C76705-927C-420E-88CA-3A2261596AF5}"
EndProject
Project("{9A19103F-16F7-4668-BE54-9A1E7A4F7556}") = "_02_AsyncPrinciple", "_02_AsyncPrinciple\_02_AsyncPrinciple.csproj", "{39049140-3F24-4575-BAF8-78360C4922B7}"
EndProject
Project("{9A19103F-16F7-4668-BE54-9A1E7A4F7556}") = "_03_AsyncAndAwait", "_03_AsyncAndAwait\_03_AsyncAndAwait.csproj", "{7DAFB1B0-1D45-479B-8A89-B46700B36DFC}"
EndProject
Project("{FAE04EC0-301F-11D3-BF4B-00C04F79EFBC}") = "_04_UIWait", "_04_UIWait\_04_UIWait.csproj", "{C15B233D-061A-4630-8F88-D75E082F0970}"
EndProject
Global
	GlobalSection(SolutionConfigurationPlatforms) = preSolution
		Debug|Any CPU = Debug|Any CPU
		Release|Any CPU = Release|Any CPU
	EndGlobalSection
	GlobalSection(ProjectConfigurationPlatforms) = postSolution
		{D1C76705-927C-420E-88CA-3A2261596AF5}.Debug|Any CPU.ActiveCfg = Debug|Any CPU
		{D1C76705-927C-420E-88CA-3A2261596AF5}.Debug|Any CPU.Build.0 = Debug|Any CPU
		{D1C76705-927C-420E-88CA-3A2261596AF5}.Release|Any CPU.ActiveCfg = Release|Any CPU
		{D1C76705-927C-420E-88CA-3A2261596AF5}.Release|Any CPU.Build.0 = Release|Any CPU
		{39049140-3F24-4575-BAF8-78360C4922B7}.Debug|Any CPU.ActiveCfg = Debug|Any CPU
		{39049140-3F24-4575-BAF8-78360C4922B7}.Debug|Any CPU.Build.0 = Debug|Any CPU
		{39049140-3F24-4575-BAF8-78360C4922B7}.Release|Any CPU.ActiveCfg = Release|Any CPU
		{39049140-3F24-4575-BAF8-78360C4922B7}.Release|Any CPU.Build.0 = Release|Any CPU
		{7DAFB1B0-1D45-479B-8A89-B46700B36DFC}.Debug|Any CPU.ActiveCfg = Debug|Any CPU
		{7DAFB1B0-1D45-479B-8A89-B46700B36DFC}.Debug|Any CPU.Build.0 = Debug|Any CPU
		{7DAFB1B0-1D45-479B-8A89-B46700B36DFC}.Release|Any CPU.ActiveCfg = Release|Any CPU
		{7DAFB1B0-1D45-479B-8A89-B46700B36DFC}.Release|Any CPU.Build.0 = Release|Any CPU
		{C15B233D-061A-4630-8F88-D75E082F0970}.Debug|Any CPU.ActiveCfg = Debug|Any CPU
		{C15B233D-061A-4630-8F88-D75E082F0970}.Debug|Any CPU.Build.0 = Debug|Any CPU
		{C15B233D-061A-4630-8F88-D75E082F0970}.Release|Any CPU.ActiveCfg = Release|Any CPU
		{C15B233D-061A-4630-8F88-D75E082F0970}.Release|Any CPU.Build.0 = Release|Any CPU
	EndGlobalSection
	GlobalSection(SolutionProperties) = preSolution
		HideSolutionNode = FALSE
	EndGlobalSection
	GlobalSection(ExtensibilityGlobals) = postSolution
		SolutionGuid = {458083C7-0EFE-49B4-8CA6-3DC72A82118D}
	EndGlobalSection
EndGlobal
