
Microsoft Visual Studio Solution File, Format Version 12.00
# Visual Studio Version 16
VisualStudioVersion = 16.0.31229.75
MinimumVisualStudioVersion = 10.0.40219.1
Project("{FAE04EC0-301F-11D3-BF4B-00C04F79EFBC}") = "_01_CookieSample", "_01_CookieSample\_01_CookieSample.csproj", "{B597C12A-DC3F-4834-BDBD-7CB8A444C399}"
EndProject
Project("{FAE04EC0-301F-11D3-BF4B-00C04F79EFBC}") = "_02_CookieSessionSample", "_02_CookieSessionSample\_02_CookieSessionSample.csproj", "{8B7D8297-19C9-4002-BB63-7E54A1D640E3}"
EndProject
Global
	GlobalSection(SolutionConfigurationPlatforms) = preSolution
		Debug|Any CPU = Debug|Any CPU
		Release|Any CPU = Release|Any CPU
	EndGlobalSection
	GlobalSection(ProjectConfigurationPlatforms) = postSolution
		{B597C12A-DC3F-4834-BDBD-7CB8A444C399}.Debug|Any CPU.ActiveCfg = Debug|Any CPU
		{B597C12A-DC3F-4834-BDBD-7CB8A444C399}.Debug|Any CPU.Build.0 = Debug|Any CPU
		{B597C12A-DC3F-4834-BDBD-7CB8A444C399}.Release|Any CPU.ActiveCfg = Release|Any CPU
		{B597C12A-DC3F-4834-BDBD-7CB8A444C399}.Release|Any CPU.Build.0 = Release|Any CPU
		{8B7D8297-19C9-4002-BB63-7E54A1D640E3}.Debug|Any CPU.ActiveCfg = Debug|Any CPU
		{8B7D8297-19C9-4002-BB63-7E54A1D640E3}.Debug|Any CPU.Build.0 = Debug|Any CPU
		{8B7D8297-19C9-4002-BB63-7E54A1D640E3}.Release|Any CPU.ActiveCfg = Release|Any CPU
		{8B7D8297-19C9-4002-BB63-7E54A1D640E3}.Release|Any CPU.Build.0 = Release|Any CPU
	EndGlobalSection
	GlobalSection(SolutionProperties) = preSolution
		HideSolutionNode = FALSE
	EndGlobalSection
	GlobalSection(ExtensibilityGlobals) = postSolution
		SolutionGuid = {838FC1A3-2C4F-47FD-ADF5-CA30EC2B3B4F}
	EndGlobalSection
EndGlobal
