
Microsoft Visual Studio Solution File, Format Version 12.00
# Visual Studio Version 16
VisualStudioVersion = 16.0.29411.108
MinimumVisualStudioVersion = 10.0.40219.1
Project("{2150E333-8FDC-42A3-9474-1A3956D46DE8}") = "_01_Document", "_01_Document", "{4A207C6A-EFD6-4F22-998E-F63FA99777EC}"
	ProjectSection(SolutionItems) = preProject
		Readme.md = Readme.md
	EndProjectSection
EndProject
Project("{2150E333-8FDC-42A3-9474-1A3956D46DE8}") = "_02_Get_Started", "_02_Get_Started", "{B96D47A9-82D9-45DA-9878-C9119005AD66}"
EndProject
Project("{9A19103F-16F7-4668-BE54-9A1E7A4F7556}") = "myMLApp", "_02_Get_Started\myMLApp\myMLApp.csproj", "{55E72FF3-5C8C-469A-A40D-3954EF86B12C}"
EndProject
Project("{9A19103F-16F7-4668-BE54-9A1E7A4F7556}") = "MachineLearningML.Model", "_02_Get_Started\MachineLearningML.Model\MachineLearningML.Model.csproj", "{E729E7B0-99AC-404B-9339-B4212BA6F1FD}"
EndProject
Project("{9A19103F-16F7-4668-BE54-9A1E7A4F7556}") = "MachineLearningML.ConsoleApp", "_02_Get_Started\MachineLearningML.ConsoleApp\MachineLearningML.ConsoleApp.csproj", "{BD15B486-2DF7-404A-AF84-A4901E7DFA15}"
EndProject
Global
	GlobalSection(SolutionConfigurationPlatforms) = preSolution
		Debug|Any CPU = Debug|Any CPU
		Release|Any CPU = Release|Any CPU
	EndGlobalSection
	GlobalSection(ProjectConfigurationPlatforms) = postSolution
		{55E72FF3-5C8C-469A-A40D-3954EF86B12C}.Debug|Any CPU.ActiveCfg = Debug|Any CPU
		{55E72FF3-5C8C-469A-A40D-3954EF86B12C}.Debug|Any CPU.Build.0 = Debug|Any CPU
		{55E72FF3-5C8C-469A-A40D-3954EF86B12C}.Release|Any CPU.ActiveCfg = Release|Any CPU
		{55E72FF3-5C8C-469A-A40D-3954EF86B12C}.Release|Any CPU.Build.0 = Release|Any CPU
		{E729E7B0-99AC-404B-9339-B4212BA6F1FD}.Debug|Any CPU.ActiveCfg = Debug|Any CPU
		{E729E7B0-99AC-404B-9339-B4212BA6F1FD}.Debug|Any CPU.Build.0 = Debug|Any CPU
		{E729E7B0-99AC-404B-9339-B4212BA6F1FD}.Release|Any CPU.ActiveCfg = Release|Any CPU
		{E729E7B0-99AC-404B-9339-B4212BA6F1FD}.Release|Any CPU.Build.0 = Release|Any CPU
		{BD15B486-2DF7-404A-AF84-A4901E7DFA15}.Debug|Any CPU.ActiveCfg = Debug|Any CPU
		{BD15B486-2DF7-404A-AF84-A4901E7DFA15}.Debug|Any CPU.Build.0 = Debug|Any CPU
		{BD15B486-2DF7-404A-AF84-A4901E7DFA15}.Release|Any CPU.ActiveCfg = Release|Any CPU
		{BD15B486-2DF7-404A-AF84-A4901E7DFA15}.Release|Any CPU.Build.0 = Release|Any CPU
	EndGlobalSection
	GlobalSection(SolutionProperties) = preSolution
		HideSolutionNode = FALSE
	EndGlobalSection
	GlobalSection(NestedProjects) = preSolution
		{55E72FF3-5C8C-469A-A40D-3954EF86B12C} = {B96D47A9-82D9-45DA-9878-C9119005AD66}
		{E729E7B0-99AC-404B-9339-B4212BA6F1FD} = {B96D47A9-82D9-45DA-9878-C9119005AD66}
		{BD15B486-2DF7-404A-AF84-A4901E7DFA15} = {B96D47A9-82D9-45DA-9878-C9119005AD66}
	EndGlobalSection
	GlobalSection(ExtensibilityGlobals) = postSolution
		SolutionGuid = {3CC4E94F-0C0E-4523-AB27-2EBCF08760F3}
	EndGlobalSection
EndGlobal
