
Microsoft Visual Studio Solution File, Format Version 12.00
# Visual Studio 15
VisualStudioVersion = 15.0.27703.2035
MinimumVisualStudioVersion = 10.0.40219.1
Project("{9A19103F-16F7-4668-BE54-9A1E7A4F7556}") = "StringLibrary", "StringLibrary\StringLibrary.csproj", "{F4C1954F-C98B-43FA-8593-214B38B9E274}"
EndProject
Project("{FAE04EC0-301F-11D3-BF4B-00C04F79EFBC}") = "StringLibraryTest", "StringLibraryTest\StringLibraryTest.csproj", "{98E95DF6-B743-471A-8089-4DC289CE51A7}"
EndProject
Project("{FAE04EC0-301F-11D3-BF4B-00C04F79EFBC}") = "ShowCase", "ShowCase\ShowCase.csproj", "{565D7CB0-D7A1-4023-9348-7F090D6AB57E}"
EndProject
Global
	GlobalSection(SolutionConfigurationPlatforms) = preSolution
		Debug|Any CPU = Debug|Any CPU
		Release|Any CPU = Release|Any CPU
	EndGlobalSection
	GlobalSection(ProjectConfigurationPlatforms) = postSolution
		{F4C1954F-C98B-43FA-8593-214B38B9E274}.Debug|Any CPU.ActiveCfg = Debug|Any CPU
		{F4C1954F-C98B-43FA-8593-214B38B9E274}.Debug|Any CPU.Build.0 = Debug|Any CPU
		{F4C1954F-C98B-43FA-8593-214B38B9E274}.Release|Any CPU.ActiveCfg = Release|Any CPU
		{F4C1954F-C98B-43FA-8593-214B38B9E274}.Release|Any CPU.Build.0 = Release|Any CPU
		{98E95DF6-B743-471A-8089-4DC289CE51A7}.Debug|Any CPU.ActiveCfg = Debug|Any CPU
		{98E95DF6-B743-471A-8089-4DC289CE51A7}.Debug|Any CPU.Build.0 = Debug|Any CPU
		{98E95DF6-B743-471A-8089-4DC289CE51A7}.Release|Any CPU.ActiveCfg = Release|Any CPU
		{98E95DF6-B743-471A-8089-4DC289CE51A7}.Release|Any CPU.Build.0 = Release|Any CPU
		{565D7CB0-D7A1-4023-9348-7F090D6AB57E}.Debug|Any CPU.ActiveCfg = Debug|Any CPU
		{565D7CB0-D7A1-4023-9348-7F090D6AB57E}.Debug|Any CPU.Build.0 = Debug|Any CPU
		{565D7CB0-D7A1-4023-9348-7F090D6AB57E}.Release|Any CPU.ActiveCfg = Release|Any CPU
		{565D7CB0-D7A1-4023-9348-7F090D6AB57E}.Release|Any CPU.Build.0 = Release|Any CPU
	EndGlobalSection
	GlobalSection(SolutionProperties) = preSolution
		HideSolutionNode = FALSE
	EndGlobalSection
	GlobalSection(ExtensibilityGlobals) = postSolution
		SolutionGuid = {1B433A4E-D2B3-4946-AD32-742FD5B00C40}
	EndGlobalSection
EndGlobal
