
Microsoft Visual Studio Solution File, Format Version 12.00
# Visual Studio Version 16
VisualStudioVersion = 16.0.31229.75
MinimumVisualStudioVersion = 10.0.40219.1
Project("{FAE04EC0-301F-11D3-BF4B-00C04F79EFBC}") = "_01_MediatR", "_01_MediatR\_01_MediatR.csproj", "{8C761859-5AAA-4DBF-B117-6F6620791140}"
EndProject
Project("{9A19103F-16F7-4668-BE54-9A1E7A4F7556}") = "_02_abp_LocalEventBus", "_02_abp_LocalEventBus\_02_abp_LocalEventBus.csproj", "{A05C682F-9783-4BF4-9EE5-F45406962461}"
EndProject
Global
	GlobalSection(SolutionConfigurationPlatforms) = preSolution
		Debug|Any CPU = Debug|Any CPU
		Release|Any CPU = Release|Any CPU
	EndGlobalSection
	GlobalSection(ProjectConfigurationPlatforms) = postSolution
		{8C761859-5AAA-4DBF-B117-6F6620791140}.Debug|Any CPU.ActiveCfg = Debug|Any CPU
		{8C761859-5AAA-4DBF-B117-6F6620791140}.Debug|Any CPU.Build.0 = Debug|Any CPU
		{8C761859-5AAA-4DBF-B117-6F6620791140}.Release|Any CPU.ActiveCfg = Release|Any CPU
		{8C761859-5AAA-4DBF-B117-6F6620791140}.Release|Any CPU.Build.0 = Release|Any CPU
		{A05C682F-9783-4BF4-9EE5-F45406962461}.Debug|Any CPU.ActiveCfg = Debug|Any CPU
		{A05C682F-9783-4BF4-9EE5-F45406962461}.Debug|Any CPU.Build.0 = Debug|Any CPU
		{A05C682F-9783-4BF4-9EE5-F45406962461}.Release|Any CPU.ActiveCfg = Release|Any CPU
		{A05C682F-9783-4BF4-9EE5-F45406962461}.Release|Any CPU.Build.0 = Release|Any CPU
	EndGlobalSection
	GlobalSection(SolutionProperties) = preSolution
		HideSolutionNode = FALSE
	EndGlobalSection
	GlobalSection(ExtensibilityGlobals) = postSolution
		SolutionGuid = {E109AD3B-CA95-48CA-8A25-2EF60A0A3EB5}
	EndGlobalSection
EndGlobal
