
Microsoft Visual Studio Solution File, Format Version 12.00
# Visual Studio Version 16
VisualStudioVersion = 16.0.31321.278
MinimumVisualStudioVersion = 10.0.40219.1
Project("{9A19103F-16F7-4668-BE54-9A1E7A4F7556}") = "App", "App\App.csproj", "{A5BA5808-42B4-458F-A882-E4AE91277308}"
EndProject
Global
	GlobalSection(SolutionConfigurationPlatforms) = preSolution
		Debug|Any CPU = Debug|Any CPU
		Release|Any CPU = Release|Any CPU
	EndGlobalSection
	GlobalSection(ProjectConfigurationPlatforms) = postSolution
		{A5BA5808-42B4-458F-A882-E4AE91277308}.Debug|Any CPU.ActiveCfg = Debug|Any CPU
		{A5BA5808-42B4-458F-A882-E4AE91277308}.Debug|Any CPU.Build.0 = Debug|Any CPU
		{A5BA5808-42B4-458F-A882-E4AE91277308}.Release|Any CPU.ActiveCfg = Release|Any CPU
		{A5BA5808-42B4-458F-A882-E4AE91277308}.Release|Any CPU.Build.0 = Release|Any CPU
	EndGlobalSection
	GlobalSection(SolutionProperties) = preSolution
		HideSolutionNode = FALSE
	EndGlobalSection
	GlobalSection(ExtensibilityGlobals) = postSolution
		SolutionGuid = {C5513BCF-9312-4715-82F1-AAF6484A8550}
	EndGlobalSection
EndGlobal
