
Microsoft Visual Studio Solution File, Format Version 12.00
# Visual Studio Version 16
VisualStudioVersion = 16.0.31321.278
MinimumVisualStudioVersion = 10.0.40219.1
Project("{9A19103F-16F7-4668-BE54-9A1E7A4F7556}") = "App", "App\App.csproj", "{A7CDFE6A-F4C2-41E5-80CC-EA8BCB7A7F0A}"
EndProject
Project("{FAE04EC0-301F-11D3-BF4B-00C04F79EFBC}") = "SkyApm.App", "SkyApm.App\SkyApm.App.csproj", "{12C7787B-5680-498F-8FE7-2AFB33729078}"
EndProject
Global
	GlobalSection(SolutionConfigurationPlatforms) = preSolution
		Debug|Any CPU = Debug|Any CPU
		Release|Any CPU = Release|Any CPU
	EndGlobalSection
	GlobalSection(ProjectConfigurationPlatforms) = postSolution
		{A7CDFE6A-F4C2-41E5-80CC-EA8BCB7A7F0A}.Debug|Any CPU.ActiveCfg = Debug|Any CPU
		{A7CDFE6A-F4C2-41E5-80CC-EA8BCB7A7F0A}.Debug|Any CPU.Build.0 = Debug|Any CPU
		{A7CDFE6A-F4C2-41E5-80CC-EA8BCB7A7F0A}.Release|Any CPU.ActiveCfg = Release|Any CPU
		{A7CDFE6A-F4C2-41E5-80CC-EA8BCB7A7F0A}.Release|Any CPU.Build.0 = Release|Any CPU
		{12C7787B-5680-498F-8FE7-2AFB33729078}.Debug|Any CPU.ActiveCfg = Debug|Any CPU
		{12C7787B-5680-498F-8FE7-2AFB33729078}.Debug|Any CPU.Build.0 = Debug|Any CPU
		{12C7787B-5680-498F-8FE7-2AFB33729078}.Release|Any CPU.ActiveCfg = Release|Any CPU
		{12C7787B-5680-498F-8FE7-2AFB33729078}.Release|Any CPU.Build.0 = Release|Any CPU
	EndGlobalSection
	GlobalSection(SolutionProperties) = preSolution
		HideSolutionNode = FALSE
	EndGlobalSection
	GlobalSection(ExtensibilityGlobals) = postSolution
		SolutionGuid = {C5513BCF-9312-4715-82F1-AAF6484A8550}
	EndGlobalSection
EndGlobal
