
Microsoft Visual Studio Solution File, Format Version 12.00
# Visual Studio Version 16
VisualStudioVersion = 16.0.29123.88
MinimumVisualStudioVersion = 15.0.26124.0
Project("{9A19103F-16F7-4668-BE54-9A1E7A4F7556}") = "IdentityServer", "src\IdentityServer\IdentityServer.csproj", "{45BB3631-F892-4945-9060-B1366CB91F8D}"
EndProject
Project("{9A19103F-16F7-4668-BE54-9A1E7A4F7556}") = "MvcClient", "src\MvcClient\MvcClient.csproj", "{33A8495E-B9C9-4266-8E91-968DA7F8D408}"
EndProject
Project("{FAE04EC0-301F-11D3-BF4B-00C04F79EFBC}") = "Api", "src\Api\Api.csproj", "{B1FF5052-3F72-465A-BF9E-CAD7C799219E}"
EndProject
Project("{FAE04EC0-301F-11D3-BF4B-00C04F79EFBC}") = "Client", "src\Client\Client.csproj", "{44DF77D0-EE09-4335-BDE0-13AF5B771447}"
EndProject
Project("{FAE04EC0-301F-11D3-BF4B-00C04F79EFBC}") = "ResourceOwnerClient", "src\ResourceOwnerClient\ResourceOwnerClient.csproj", "{531EDDBC-65C6-40F1-B124-FC0274D8AAF1}"
EndProject
Global
	GlobalSection(SolutionConfigurationPlatforms) = preSolution
		Debug|Any CPU = Debug|Any CPU
		Debug|x64 = Debug|x64
		Debug|x86 = Debug|x86
		Release|Any CPU = Release|Any CPU
		Release|x64 = Release|x64
		Release|x86 = Release|x86
	EndGlobalSection
	GlobalSection(ProjectConfigurationPlatforms) = postSolution
		{45BB3631-F892-4945-9060-B1366CB91F8D}.Debug|Any CPU.ActiveCfg = Debug|Any CPU
		{45BB3631-F892-4945-9060-B1366CB91F8D}.Debug|Any CPU.Build.0 = Debug|Any CPU
		{45BB3631-F892-4945-9060-B1366CB91F8D}.Debug|x64.ActiveCfg = Debug|Any CPU
		{45BB3631-F892-4945-9060-B1366CB91F8D}.Debug|x64.Build.0 = Debug|Any CPU
		{45BB3631-F892-4945-9060-B1366CB91F8D}.Debug|x86.ActiveCfg = Debug|Any CPU
		{45BB3631-F892-4945-9060-B1366CB91F8D}.Debug|x86.Build.0 = Debug|Any CPU
		{45BB3631-F892-4945-9060-B1366CB91F8D}.Release|Any CPU.ActiveCfg = Release|Any CPU
		{45BB3631-F892-4945-9060-B1366CB91F8D}.Release|Any CPU.Build.0 = Release|Any CPU
		{45BB3631-F892-4945-9060-B1366CB91F8D}.Release|x64.ActiveCfg = Release|Any CPU
		{45BB3631-F892-4945-9060-B1366CB91F8D}.Release|x64.Build.0 = Release|Any CPU
		{45BB3631-F892-4945-9060-B1366CB91F8D}.Release|x86.ActiveCfg = Release|Any CPU
		{45BB3631-F892-4945-9060-B1366CB91F8D}.Release|x86.Build.0 = Release|Any CPU
		{33A8495E-B9C9-4266-8E91-968DA7F8D408}.Debug|Any CPU.ActiveCfg = Debug|Any CPU
		{33A8495E-B9C9-4266-8E91-968DA7F8D408}.Debug|Any CPU.Build.0 = Debug|Any CPU
		{33A8495E-B9C9-4266-8E91-968DA7F8D408}.Debug|x64.ActiveCfg = Debug|Any CPU
		{33A8495E-B9C9-4266-8E91-968DA7F8D408}.Debug|x64.Build.0 = Debug|Any CPU
		{33A8495E-B9C9-4266-8E91-968DA7F8D408}.Debug|x86.ActiveCfg = Debug|Any CPU
		{33A8495E-B9C9-4266-8E91-968DA7F8D408}.Debug|x86.Build.0 = Debug|Any CPU
		{33A8495E-B9C9-4266-8E91-968DA7F8D408}.Release|Any CPU.ActiveCfg = Release|Any CPU
		{33A8495E-B9C9-4266-8E91-968DA7F8D408}.Release|Any CPU.Build.0 = Release|Any CPU
		{33A8495E-B9C9-4266-8E91-968DA7F8D408}.Release|x64.ActiveCfg = Release|Any CPU
		{33A8495E-B9C9-4266-8E91-968DA7F8D408}.Release|x64.Build.0 = Release|Any CPU
		{33A8495E-B9C9-4266-8E91-968DA7F8D408}.Release|x86.ActiveCfg = Release|Any CPU
		{33A8495E-B9C9-4266-8E91-968DA7F8D408}.Release|x86.Build.0 = Release|Any CPU
		{B1FF5052-3F72-465A-BF9E-CAD7C799219E}.Debug|Any CPU.ActiveCfg = Debug|Any CPU
		{B1FF5052-3F72-465A-BF9E-CAD7C799219E}.Debug|Any CPU.Build.0 = Debug|Any CPU
		{B1FF5052-3F72-465A-BF9E-CAD7C799219E}.Debug|x64.ActiveCfg = Debug|Any CPU
		{B1FF5052-3F72-465A-BF9E-CAD7C799219E}.Debug|x64.Build.0 = Debug|Any CPU
		{B1FF5052-3F72-465A-BF9E-CAD7C799219E}.Debug|x86.ActiveCfg = Debug|Any CPU
		{B1FF5052-3F72-465A-BF9E-CAD7C799219E}.Debug|x86.Build.0 = Debug|Any CPU
		{B1FF5052-3F72-465A-BF9E-CAD7C799219E}.Release|Any CPU.ActiveCfg = Release|Any CPU
		{B1FF5052-3F72-465A-BF9E-CAD7C799219E}.Release|Any CPU.Build.0 = Release|Any CPU
		{B1FF5052-3F72-465A-BF9E-CAD7C799219E}.Release|x64.ActiveCfg = Release|Any CPU
		{B1FF5052-3F72-465A-BF9E-CAD7C799219E}.Release|x64.Build.0 = Release|Any CPU
		{B1FF5052-3F72-465A-BF9E-CAD7C799219E}.Release|x86.ActiveCfg = Release|Any CPU
		{B1FF5052-3F72-465A-BF9E-CAD7C799219E}.Release|x86.Build.0 = Release|Any CPU
		{44DF77D0-EE09-4335-BDE0-13AF5B771447}.Debug|Any CPU.ActiveCfg = Debug|Any CPU
		{44DF77D0-EE09-4335-BDE0-13AF5B771447}.Debug|Any CPU.Build.0 = Debug|Any CPU
		{44DF77D0-EE09-4335-BDE0-13AF5B771447}.Debug|x64.ActiveCfg = Debug|Any CPU
		{44DF77D0-EE09-4335-BDE0-13AF5B771447}.Debug|x64.Build.0 = Debug|Any CPU
		{44DF77D0-EE09-4335-BDE0-13AF5B771447}.Debug|x86.ActiveCfg = Debug|Any CPU
		{44DF77D0-EE09-4335-BDE0-13AF5B771447}.Debug|x86.Build.0 = Debug|Any CPU
		{44DF77D0-EE09-4335-BDE0-13AF5B771447}.Release|Any CPU.ActiveCfg = Release|Any CPU
		{44DF77D0-EE09-4335-BDE0-13AF5B771447}.Release|Any CPU.Build.0 = Release|Any CPU
		{44DF77D0-EE09-4335-BDE0-13AF5B771447}.Release|x64.ActiveCfg = Release|Any CPU
		{44DF77D0-EE09-4335-BDE0-13AF5B771447}.Release|x64.Build.0 = Release|Any CPU
		{44DF77D0-EE09-4335-BDE0-13AF5B771447}.Release|x86.ActiveCfg = Release|Any CPU
		{44DF77D0-EE09-4335-BDE0-13AF5B771447}.Release|x86.Build.0 = Release|Any CPU
		{531EDDBC-65C6-40F1-B124-FC0274D8AAF1}.Debug|Any CPU.ActiveCfg = Debug|Any CPU
		{531EDDBC-65C6-40F1-B124-FC0274D8AAF1}.Debug|Any CPU.Build.0 = Debug|Any CPU
		{531EDDBC-65C6-40F1-B124-FC0274D8AAF1}.Debug|x64.ActiveCfg = Debug|Any CPU
		{531EDDBC-65C6-40F1-B124-FC0274D8AAF1}.Debug|x64.Build.0 = Debug|Any CPU
		{531EDDBC-65C6-40F1-B124-FC0274D8AAF1}.Debug|x86.ActiveCfg = Debug|Any CPU
		{531EDDBC-65C6-40F1-B124-FC0274D8AAF1}.Debug|x86.Build.0 = Debug|Any CPU
		{531EDDBC-65C6-40F1-B124-FC0274D8AAF1}.Release|Any CPU.ActiveCfg = Release|Any CPU
		{531EDDBC-65C6-40F1-B124-FC0274D8AAF1}.Release|Any CPU.Build.0 = Release|Any CPU
		{531EDDBC-65C6-40F1-B124-FC0274D8AAF1}.Release|x64.ActiveCfg = Release|Any CPU
		{531EDDBC-65C6-40F1-B124-FC0274D8AAF1}.Release|x64.Build.0 = Release|Any CPU
		{531EDDBC-65C6-40F1-B124-FC0274D8AAF1}.Release|x86.ActiveCfg = Release|Any CPU
		{531EDDBC-65C6-40F1-B124-FC0274D8AAF1}.Release|x86.Build.0 = Release|Any CPU
	EndGlobalSection
	GlobalSection(SolutionProperties) = preSolution
		HideSolutionNode = FALSE
	EndGlobalSection
	GlobalSection(ExtensibilityGlobals) = postSolution
		SolutionGuid = {EFC7E5E4-E0EB-485A-A118-E6D76E927AE9}
	EndGlobalSection
EndGlobal
