
Microsoft Visual Studio Solution File, Format Version 12.00
# Visual Studio 15
VisualStudioVersion = 15.0.28307.106
MinimumVisualStudioVersion = 10.0.40219.1
Project("{9A19103F-16F7-4668-BE54-9A1E7A4F7556}") = "Albert.Demo", "Albert.Demo\Albert.Demo.csproj", "{4CB19EF0-4F03-4762-B9A8-061963612EE0}"
EndProject
Project("{9A19103F-16F7-4668-BE54-9A1E7A4F7556}") = "Albert", "Albert\Albert.csproj", "{CD84CB66-1BEF-4E31-9729-0EF3F3283359}"
EndProject
Project("{9A19103F-16F7-4668-BE54-9A1E7A4F7556}") = "Albert.EntityFrameworkCore", "Albert.EntityFrameworkCore\Albert.EntityFrameworkCore.csproj", "{A9F7FBBF-D485-49DD-869C-4242B7E9AE1C}"
EndProject
Project("{2150E333-8FDC-42A3-9474-1A3956D46DE8}") = "Framework", "Framework", "{CE90BF00-F751-4CC2-A095-5F1D11844730}"
EndProject
Project("{9A19103F-16F7-4668-BE54-9A1E7A4F7556}") = "Albert.Demo.Domain", "Albert.Demo.Domain\Albert.Demo.Domain.csproj", "{94C0C2E5-2E7C-4EE1-893F-321BD7CFFFCF}"
EndProject
Project("{9A19103F-16F7-4668-BE54-9A1E7A4F7556}") = "Albert.Demo.Application", "Albert.Demo.Application\Albert.Demo.Application.csproj", "{286F8912-E06E-416B-9753-8A4AB0B15F6C}"
EndProject
Project("{9A19103F-16F7-4668-BE54-9A1E7A4F7556}") = "Albert.Demo.EntityFramework.Sqlite", "Albert.Demo.EntityFramework.Sqlite\Albert.Demo.EntityFramework.Sqlite.csproj", "{BB020189-B9FA-4851-AEB3-8046217CA91C}"
EndProject
Project("{2150E333-8FDC-42A3-9474-1A3956D46DE8}") = "Solution Items", "Solution Items", "{D0C184BD-0E8E-4401-A3B6-65DABFD75AE8}"
	ProjectSection(SolutionItems) = preProject
		doc\EnvironmentSetup.md = doc\EnvironmentSetup.md
		doc\MultiplePoint.md = doc\MultiplePoint.md
		doc\UpdateProgram.md = doc\UpdateProgram.md
	EndProjectSection
EndProject
Global
	GlobalSection(SolutionConfigurationPlatforms) = preSolution
		Debug|Any CPU = Debug|Any CPU
		Release|Any CPU = Release|Any CPU
	EndGlobalSection
	GlobalSection(ProjectConfigurationPlatforms) = postSolution
		{4CB19EF0-4F03-4762-B9A8-061963612EE0}.Debug|Any CPU.ActiveCfg = Debug|Any CPU
		{4CB19EF0-4F03-4762-B9A8-061963612EE0}.Debug|Any CPU.Build.0 = Debug|Any CPU
		{4CB19EF0-4F03-4762-B9A8-061963612EE0}.Release|Any CPU.ActiveCfg = Release|Any CPU
		{4CB19EF0-4F03-4762-B9A8-061963612EE0}.Release|Any CPU.Build.0 = Release|Any CPU
		{CD84CB66-1BEF-4E31-9729-0EF3F3283359}.Debug|Any CPU.ActiveCfg = Debug|Any CPU
		{CD84CB66-1BEF-4E31-9729-0EF3F3283359}.Debug|Any CPU.Build.0 = Debug|Any CPU
		{CD84CB66-1BEF-4E31-9729-0EF3F3283359}.Release|Any CPU.ActiveCfg = Release|Any CPU
		{CD84CB66-1BEF-4E31-9729-0EF3F3283359}.Release|Any CPU.Build.0 = Release|Any CPU
		{A9F7FBBF-D485-49DD-869C-4242B7E9AE1C}.Debug|Any CPU.ActiveCfg = Debug|Any CPU
		{A9F7FBBF-D485-49DD-869C-4242B7E9AE1C}.Debug|Any CPU.Build.0 = Debug|Any CPU
		{A9F7FBBF-D485-49DD-869C-4242B7E9AE1C}.Release|Any CPU.ActiveCfg = Release|Any CPU
		{A9F7FBBF-D485-49DD-869C-4242B7E9AE1C}.Release|Any CPU.Build.0 = Release|Any CPU
		{94C0C2E5-2E7C-4EE1-893F-321BD7CFFFCF}.Debug|Any CPU.ActiveCfg = Debug|Any CPU
		{94C0C2E5-2E7C-4EE1-893F-321BD7CFFFCF}.Debug|Any CPU.Build.0 = Debug|Any CPU
		{94C0C2E5-2E7C-4EE1-893F-321BD7CFFFCF}.Release|Any CPU.ActiveCfg = Release|Any CPU
		{94C0C2E5-2E7C-4EE1-893F-321BD7CFFFCF}.Release|Any CPU.Build.0 = Release|Any CPU
		{286F8912-E06E-416B-9753-8A4AB0B15F6C}.Debug|Any CPU.ActiveCfg = Debug|Any CPU
		{286F8912-E06E-416B-9753-8A4AB0B15F6C}.Debug|Any CPU.Build.0 = Debug|Any CPU
		{286F8912-E06E-416B-9753-8A4AB0B15F6C}.Release|Any CPU.ActiveCfg = Release|Any CPU
		{286F8912-E06E-416B-9753-8A4AB0B15F6C}.Release|Any CPU.Build.0 = Release|Any CPU
		{BB020189-B9FA-4851-AEB3-8046217CA91C}.Debug|Any CPU.ActiveCfg = Debug|Any CPU
		{BB020189-B9FA-4851-AEB3-8046217CA91C}.Debug|Any CPU.Build.0 = Debug|Any CPU
		{BB020189-B9FA-4851-AEB3-8046217CA91C}.Release|Any CPU.ActiveCfg = Release|Any CPU
		{BB020189-B9FA-4851-AEB3-8046217CA91C}.Release|Any CPU.Build.0 = Release|Any CPU
	EndGlobalSection
	GlobalSection(SolutionProperties) = preSolution
		HideSolutionNode = FALSE
	EndGlobalSection
	GlobalSection(NestedProjects) = preSolution
		{CD84CB66-1BEF-4E31-9729-0EF3F3283359} = {CE90BF00-F751-4CC2-A095-5F1D11844730}
		{A9F7FBBF-D485-49DD-869C-4242B7E9AE1C} = {CE90BF00-F751-4CC2-A095-5F1D11844730}
	EndGlobalSection
	GlobalSection(ExtensibilityGlobals) = postSolution
		SolutionGuid = {44A0B524-35AC-4C22-93ED-847F9E69F23B}
	EndGlobalSection
EndGlobal
