
Microsoft Visual Studio Solution File, Format Version 12.00
# Visual Studio Version 16
VisualStudioVersion = 16.0.29709.97
MinimumVisualStudioVersion = 10.0.40219.1
Project("{9A19103F-16F7-4668-BE54-9A1E7A4F7556}") = "_DependenceInjection_01", "_DependenceInjection_01\_DependenceInjection_01.csproj", "{9E21E30F-E07B-465F-8BE8-DF7BAF7118FE}"
EndProject
Project("{2150E333-8FDC-42A3-9474-1A3956D46DE8}") = "Solution Items", "Solution Items", "{767E44A1-89B6-4E0F-9A66-4C1FEFAA4F51}"
	ProjectSection(SolutionItems) = preProject
		Readme.md = Readme.md
	EndProjectSection
EndProject
Project("{9A19103F-16F7-4668-BE54-9A1E7A4F7556}") = "_DependenceInjection_02_1", "_DependenceInjection_02_1\_DependenceInjection_02_1.csproj", "{AB890A33-CECD-4D99-BC2F-3E695EDF3285}"
EndProject
Project("{9A19103F-16F7-4668-BE54-9A1E7A4F7556}") = "_DependenceInjection_02_2", "_DependenceInjection_02_2\_DependenceInjection_02_2.csproj", "{C26D81E3-1696-4CC8-B21E-235E1C7B8D7C}"
EndProject
Project("{9A19103F-16F7-4668-BE54-9A1E7A4F7556}") = "_DependenceInjection_02_3", "_DependenceInjection_02_3\_DependenceInjection_02_3.csproj", "{3A5CC8FD-B3FC-4DF0-95DF-C4BA5C08CA1E}"
EndProject
Project("{9A19103F-16F7-4668-BE54-9A1E7A4F7556}") = "_DependenceInjection_03", "_DependenceInjection_03\_DependenceInjection_03.csproj", "{1C9CFD14-1BB4-4D4D-94BF-849DD76E9E5D}"
EndProject
Project("{9A19103F-16F7-4668-BE54-9A1E7A4F7556}") = "_DependenceInjection_04", "_DependenceInjection_04\_DependenceInjection_04.csproj", "{3C84904E-CD33-4DB3-A490-69D5E3DB6FC2}"
EndProject
Project("{9A19103F-16F7-4668-BE54-9A1E7A4F7556}") = "_DependenceInjection_05", "_DependenceInjection_05\_DependenceInjection_05.csproj", "{62EF28A8-8B8B-461F-A0CB-15FEA5990B19}"
EndProject
Project("{FAE04EC0-301F-11D3-BF4B-00C04F79EFBC}") = "_DependenceInjection_06", "_DependenceInjection_06\_DependenceInjection_06.csproj", "{9180A4FB-64E8-450F-8FC0-32C00A78403F}"
EndProject
Project("{FAE04EC0-301F-11D3-BF4B-00C04F79EFBC}") = "_DependenceInjection_07", "_DependenceInjection_07\_DependenceInjection_07.csproj", "{520411E2-DC41-4A5E-80AD-2DC683BC7CD7}"
EndProject
Project("{FAE04EC0-301F-11D3-BF4B-00C04F79EFBC}") = "_DependenceInjection_10", "_DependenceInjection_10\_DependenceInjection_10.csproj", "{E0FD96F8-7D9A-473B-A32D-E4936B3F5BA1}"
EndProject
Global
	GlobalSection(SolutionConfigurationPlatforms) = preSolution
		Debug|Any CPU = Debug|Any CPU
		Release|Any CPU = Release|Any CPU
	EndGlobalSection
	GlobalSection(ProjectConfigurationPlatforms) = postSolution
		{9E21E30F-E07B-465F-8BE8-DF7BAF7118FE}.Debug|Any CPU.ActiveCfg = Debug|Any CPU
		{9E21E30F-E07B-465F-8BE8-DF7BAF7118FE}.Debug|Any CPU.Build.0 = Debug|Any CPU
		{9E21E30F-E07B-465F-8BE8-DF7BAF7118FE}.Release|Any CPU.ActiveCfg = Release|Any CPU
		{9E21E30F-E07B-465F-8BE8-DF7BAF7118FE}.Release|Any CPU.Build.0 = Release|Any CPU
		{AB890A33-CECD-4D99-BC2F-3E695EDF3285}.Debug|Any CPU.ActiveCfg = Debug|Any CPU
		{AB890A33-CECD-4D99-BC2F-3E695EDF3285}.Debug|Any CPU.Build.0 = Debug|Any CPU
		{AB890A33-CECD-4D99-BC2F-3E695EDF3285}.Release|Any CPU.ActiveCfg = Release|Any CPU
		{AB890A33-CECD-4D99-BC2F-3E695EDF3285}.Release|Any CPU.Build.0 = Release|Any CPU
		{C26D81E3-1696-4CC8-B21E-235E1C7B8D7C}.Debug|Any CPU.ActiveCfg = Debug|Any CPU
		{C26D81E3-1696-4CC8-B21E-235E1C7B8D7C}.Debug|Any CPU.Build.0 = Debug|Any CPU
		{C26D81E3-1696-4CC8-B21E-235E1C7B8D7C}.Release|Any CPU.ActiveCfg = Release|Any CPU
		{C26D81E3-1696-4CC8-B21E-235E1C7B8D7C}.Release|Any CPU.Build.0 = Release|Any CPU
		{3A5CC8FD-B3FC-4DF0-95DF-C4BA5C08CA1E}.Debug|Any CPU.ActiveCfg = Debug|Any CPU
		{3A5CC8FD-B3FC-4DF0-95DF-C4BA5C08CA1E}.Debug|Any CPU.Build.0 = Debug|Any CPU
		{3A5CC8FD-B3FC-4DF0-95DF-C4BA5C08CA1E}.Release|Any CPU.ActiveCfg = Release|Any CPU
		{3A5CC8FD-B3FC-4DF0-95DF-C4BA5C08CA1E}.Release|Any CPU.Build.0 = Release|Any CPU
		{1C9CFD14-1BB4-4D4D-94BF-849DD76E9E5D}.Debug|Any CPU.ActiveCfg = Debug|Any CPU
		{1C9CFD14-1BB4-4D4D-94BF-849DD76E9E5D}.Debug|Any CPU.Build.0 = Debug|Any CPU
		{1C9CFD14-1BB4-4D4D-94BF-849DD76E9E5D}.Release|Any CPU.ActiveCfg = Release|Any CPU
		{1C9CFD14-1BB4-4D4D-94BF-849DD76E9E5D}.Release|Any CPU.Build.0 = Release|Any CPU
		{3C84904E-CD33-4DB3-A490-69D5E3DB6FC2}.Debug|Any CPU.ActiveCfg = Debug|Any CPU
		{3C84904E-CD33-4DB3-A490-69D5E3DB6FC2}.Debug|Any CPU.Build.0 = Debug|Any CPU
		{3C84904E-CD33-4DB3-A490-69D5E3DB6FC2}.Release|Any CPU.ActiveCfg = Release|Any CPU
		{3C84904E-CD33-4DB3-A490-69D5E3DB6FC2}.Release|Any CPU.Build.0 = Release|Any CPU
		{62EF28A8-8B8B-461F-A0CB-15FEA5990B19}.Debug|Any CPU.ActiveCfg = Debug|Any CPU
		{62EF28A8-8B8B-461F-A0CB-15FEA5990B19}.Debug|Any CPU.Build.0 = Debug|Any CPU
		{62EF28A8-8B8B-461F-A0CB-15FEA5990B19}.Release|Any CPU.ActiveCfg = Release|Any CPU
		{62EF28A8-8B8B-461F-A0CB-15FEA5990B19}.Release|Any CPU.Build.0 = Release|Any CPU
		{9180A4FB-64E8-450F-8FC0-32C00A78403F}.Debug|Any CPU.ActiveCfg = Debug|Any CPU
		{9180A4FB-64E8-450F-8FC0-32C00A78403F}.Debug|Any CPU.Build.0 = Debug|Any CPU
		{9180A4FB-64E8-450F-8FC0-32C00A78403F}.Release|Any CPU.ActiveCfg = Release|Any CPU
		{9180A4FB-64E8-450F-8FC0-32C00A78403F}.Release|Any CPU.Build.0 = Release|Any CPU
		{520411E2-DC41-4A5E-80AD-2DC683BC7CD7}.Debug|Any CPU.ActiveCfg = Debug|Any CPU
		{520411E2-DC41-4A5E-80AD-2DC683BC7CD7}.Debug|Any CPU.Build.0 = Debug|Any CPU
		{520411E2-DC41-4A5E-80AD-2DC683BC7CD7}.Release|Any CPU.ActiveCfg = Release|Any CPU
		{520411E2-DC41-4A5E-80AD-2DC683BC7CD7}.Release|Any CPU.Build.0 = Release|Any CPU
		{E0FD96F8-7D9A-473B-A32D-E4936B3F5BA1}.Debug|Any CPU.ActiveCfg = Debug|Any CPU
		{E0FD96F8-7D9A-473B-A32D-E4936B3F5BA1}.Debug|Any CPU.Build.0 = Debug|Any CPU
		{E0FD96F8-7D9A-473B-A32D-E4936B3F5BA1}.Release|Any CPU.ActiveCfg = Release|Any CPU
		{E0FD96F8-7D9A-473B-A32D-E4936B3F5BA1}.Release|Any CPU.Build.0 = Release|Any CPU
	EndGlobalSection
	GlobalSection(SolutionProperties) = preSolution
		HideSolutionNode = FALSE
	EndGlobalSection
	GlobalSection(ExtensibilityGlobals) = postSolution
		SolutionGuid = {49AEF07F-345B-4608-9318-18D225C3E432}
	EndGlobalSection
EndGlobal
