
Microsoft Visual Studio Solution File, Format Version 12.00
# Visual Studio Version 16
VisualStudioVersion = 16.0.29926.136
MinimumVisualStudioVersion = 10.0.40219.1
Project("{9A19103F-16F7-4668-BE54-9A1E7A4F7556}") = "_ServiceHosting_01", "_ServiceHosting_01\_ServiceHosting_01.csproj", "{EACC3575-B8D2-44CD-9BBC-19506786A928}"
EndProject
Project("{9A19103F-16F7-4668-BE54-9A1E7A4F7556}") = "_ServiceHosting_02", "_ServiceHosting_02\_ServiceHosting_02.csproj", "{B193F0F4-2BB5-4613-B35F-47D00555A2CF}"
EndProject
Project("{9A19103F-16F7-4668-BE54-9A1E7A4F7556}") = "_ServiceHosting_03", "_ServiceHosting_03\_ServiceHosting_03.csproj", "{EEDD037C-DCC8-43EC-9866-CD93D04D3DCC}"
EndProject
Project("{FAE04EC0-301F-11D3-BF4B-00C04F79EFBC}") = "_ServiceHosting_05", "_ServiceHosting_05\_ServiceHosting_05.csproj", "{F7A0B56F-BCDA-4160-9C9B-78409F210935}"
EndProject
Project("{FAE04EC0-301F-11D3-BF4B-00C04F79EFBC}") = "_ServiceHosting_06", "_ServiceHosting_06\_ServiceHosting_06.csproj", "{CFBE9DAF-601B-4EB0-B84F-B2BBDB3D94F6}"
EndProject
Global
	GlobalSection(SolutionConfigurationPlatforms) = preSolution
		Debug|Any CPU = Debug|Any CPU
		Release|Any CPU = Release|Any CPU
	EndGlobalSection
	GlobalSection(ProjectConfigurationPlatforms) = postSolution
		{EACC3575-B8D2-44CD-9BBC-19506786A928}.Debug|Any CPU.ActiveCfg = Debug|Any CPU
		{EACC3575-B8D2-44CD-9BBC-19506786A928}.Debug|Any CPU.Build.0 = Debug|Any CPU
		{EACC3575-B8D2-44CD-9BBC-19506786A928}.Release|Any CPU.ActiveCfg = Release|Any CPU
		{EACC3575-B8D2-44CD-9BBC-19506786A928}.Release|Any CPU.Build.0 = Release|Any CPU
		{B193F0F4-2BB5-4613-B35F-47D00555A2CF}.Debug|Any CPU.ActiveCfg = Debug|Any CPU
		{B193F0F4-2BB5-4613-B35F-47D00555A2CF}.Debug|Any CPU.Build.0 = Debug|Any CPU
		{B193F0F4-2BB5-4613-B35F-47D00555A2CF}.Release|Any CPU.ActiveCfg = Release|Any CPU
		{B193F0F4-2BB5-4613-B35F-47D00555A2CF}.Release|Any CPU.Build.0 = Release|Any CPU
		{EEDD037C-DCC8-43EC-9866-CD93D04D3DCC}.Debug|Any CPU.ActiveCfg = Debug|Any CPU
		{EEDD037C-DCC8-43EC-9866-CD93D04D3DCC}.Debug|Any CPU.Build.0 = Debug|Any CPU
		{EEDD037C-DCC8-43EC-9866-CD93D04D3DCC}.Release|Any CPU.ActiveCfg = Release|Any CPU
		{EEDD037C-DCC8-43EC-9866-CD93D04D3DCC}.Release|Any CPU.Build.0 = Release|Any CPU
		{F7A0B56F-BCDA-4160-9C9B-78409F210935}.Debug|Any CPU.ActiveCfg = Debug|Any CPU
		{F7A0B56F-BCDA-4160-9C9B-78409F210935}.Debug|Any CPU.Build.0 = Debug|Any CPU
		{F7A0B56F-BCDA-4160-9C9B-78409F210935}.Release|Any CPU.ActiveCfg = Release|Any CPU
		{F7A0B56F-BCDA-4160-9C9B-78409F210935}.Release|Any CPU.Build.0 = Release|Any CPU
		{CFBE9DAF-601B-4EB0-B84F-B2BBDB3D94F6}.Debug|Any CPU.ActiveCfg = Debug|Any CPU
		{CFBE9DAF-601B-4EB0-B84F-B2BBDB3D94F6}.Debug|Any CPU.Build.0 = Debug|Any CPU
		{CFBE9DAF-601B-4EB0-B84F-B2BBDB3D94F6}.Release|Any CPU.ActiveCfg = Release|Any CPU
		{CFBE9DAF-601B-4EB0-B84F-B2BBDB3D94F6}.Release|Any CPU.Build.0 = Release|Any CPU
	EndGlobalSection
	GlobalSection(SolutionProperties) = preSolution
		HideSolutionNode = FALSE
	EndGlobalSection
	GlobalSection(ExtensibilityGlobals) = postSolution
		SolutionGuid = {B3B926A6-79A5-40FA-92D8-10AE6A3DA346}
	EndGlobalSection
EndGlobal
