
Microsoft Visual Studio Solution File, Format Version 12.00
# Visual Studio 15
VisualStudioVersion = 15.0.27703.2047
MinimumVisualStudioVersion = 10.0.40219.1
Project("{9A19103F-16F7-4668-BE54-9A1E7A4F7556}") = "WebApplication", "WebApplication\WebApplication.csproj", "{356F45CD-E9A3-434C-94B6-BBFEFDFE6824}"
EndProject
Project("{9A19103F-16F7-4668-BE54-9A1E7A4F7556}") = "WebMVC", "WebMVC\WebMVC.csproj", "{AE229A66-BFD8-40A5-9B65-FF1A25A7F296}"
EndProject
Project("{9A19103F-16F7-4668-BE54-9A1E7A4F7556}") = "WebAppRazorPage", "WebAppRazorPage\WebAppRazorPage.csproj", "{A129D89A-54EF-4388-9B1E-FAE3A45BD81E}"
EndProject
Project("{9A19103F-16F7-4668-BE54-9A1E7A4F7556}") = "WebMiddleware", "WebMiddleware\WebMiddleware.csproj", "{1925F084-88DF-415E-BCED-9DAEA6E31CDE}"
EndProject
Project("{2150E333-8FDC-42A3-9474-1A3956D46DE8}") = "MiddleWare", "MiddleWare", "{5004420F-7666-4C2E-97E1-EFE83480B861}"
EndProject
Project("{9A19103F-16F7-4668-BE54-9A1E7A4F7556}") = "MiddlewareExtensibilitySample", "MiddlewareExtensibilitySample\MiddlewareExtensibilitySample.csproj", "{A75559E4-236B-4DE2-BA44-3CA6BA9CFFDA}"
EndProject
Project("{2150E333-8FDC-42A3-9474-1A3956D46DE8}") = "Configuration", "Configuration", "{C7D54172-552E-4D91-9CFA-3A165F00A920}"
EndProject
Project("{9A19103F-16F7-4668-BE54-9A1E7A4F7556}") = "JSONConfiguration", "JSONConfiguration\JSONConfiguration.csproj", "{BE2629C0-0208-4D71-B933-438D4F0C6E39}"
EndProject
Project("{9A19103F-16F7-4668-BE54-9A1E7A4F7556}") = "InMemory", "InMemory\InMemory.csproj", "{4125570D-7AFD-448F-BC74-20AB8CD9DED2}"
EndProject
Project("{9A19103F-16F7-4668-BE54-9A1E7A4F7556}") = "ObjectGraph", "ObjectGraph\ObjectGraph.csproj", "{5C12EE45-E3D3-429A-A3A1-7CAFC1D8F079}"
EndProject
Project("{9A19103F-16F7-4668-BE54-9A1E7A4F7556}") = "CustomConfigurationProvider", "CustomConfigurationProvider\CustomConfigurationProvider.csproj", "{540E8882-CA99-4645-9E10-F3E24F9E9D68}"
EndProject
Project("{9A19103F-16F7-4668-BE54-9A1E7A4F7556}") = "CommandLine", "CommandLine\CommandLine.csproj", "{176FE0B1-F848-4AF1-87A3-E3DFED66E3D9}"
EndProject
Project("{2150E333-8FDC-42A3-9474-1A3956D46DE8}") = "Logging", "Logging", "{37461CF4-B385-45B6-AE93-FAE8BE80B249}"
	ProjectSection(SolutionItems) = preProject
		NLog.txt = NLog.txt
	EndProjectSection
EndProject
Project("{9A19103F-16F7-4668-BE54-9A1E7A4F7556}") = "LogDemo", "LogDemo\LogDemo.csproj", "{2CAF63FF-CE3F-40A5-A150-F34035CA46D0}"
EndProject
Project("{9A19103F-16F7-4668-BE54-9A1E7A4F7556}") = "NLogDemo", "NLogDemo\NLogDemo.csproj", "{0856F69C-B3E4-4227-AD9E-F7A7D51358F2}"
EndProject
Project("{9A19103F-16F7-4668-BE54-9A1E7A4F7556}") = "NLogWebDemo", "NLogWebDemo\NLogWebDemo.csproj", "{85D5DD89-19F6-49D3-A6DE-530E3F70EB33}"
EndProject
Project("{2150E333-8FDC-42A3-9474-1A3956D46DE8}") = "Solution Items", "Solution Items", "{F5ADE603-F3CD-4DF1-BD4B-FC476386C1DB}"
	ProjectSection(SolutionItems) = preProject
		readme.txt = readme.txt
	EndProjectSection
EndProject
Project("{9A19103F-16F7-4668-BE54-9A1E7A4F7556}") = "GenericHostSampleConsole", "GenericHostSampleConsole\GenericHostSampleConsole.csproj", "{46406AB7-FFBF-4646-8153-0E0F25F00121}"
EndProject
Project("{2150E333-8FDC-42A3-9474-1A3956D46DE8}") = "Hosting", "Hosting", "{5F7F7858-F210-4E77-9B95-F3DEC3EA637B}"
EndProject
Project("{2150E333-8FDC-42A3-9474-1A3956D46DE8}") = "RepositoryPattern", "RepositoryPattern", "{08E2DEDC-8D88-4F20-BE02-8E3095A9392D}"
EndProject
Project("{FAE04EC0-301F-11D3-BF4B-00C04F79EFBC}") = "RepositoryPatternSample", "RepositoryPatternSample\RepositoryPatternSample.csproj", "{3EEFAC3E-98D5-4EC8-9872-20CB69B2E231}"
EndProject
Project("{2150E333-8FDC-42A3-9474-1A3956D46DE8}") = "HTTPRequests", "HTTPRequests", "{0CE11A7C-AA3D-4DBA-92E6-2A1CB03A4C5A}"
EndProject
Project("{FAE04EC0-301F-11D3-BF4B-00C04F79EFBC}") = "HttpClientFactorySample", "HttpClientFactorySample\HttpClientFactorySample.csproj", "{AAEF51B6-4E4B-4F30-A96E-183811F511D3}"
EndProject
Global
	GlobalSection(SolutionConfigurationPlatforms) = preSolution
		Debug|Any CPU = Debug|Any CPU
		Release|Any CPU = Release|Any CPU
	EndGlobalSection
	GlobalSection(ProjectConfigurationPlatforms) = postSolution
		{356F45CD-E9A3-434C-94B6-BBFEFDFE6824}.Debug|Any CPU.ActiveCfg = Debug|Any CPU
		{356F45CD-E9A3-434C-94B6-BBFEFDFE6824}.Debug|Any CPU.Build.0 = Debug|Any CPU
		{356F45CD-E9A3-434C-94B6-BBFEFDFE6824}.Release|Any CPU.ActiveCfg = Release|Any CPU
		{356F45CD-E9A3-434C-94B6-BBFEFDFE6824}.Release|Any CPU.Build.0 = Release|Any CPU
		{AE229A66-BFD8-40A5-9B65-FF1A25A7F296}.Debug|Any CPU.ActiveCfg = Debug|Any CPU
		{AE229A66-BFD8-40A5-9B65-FF1A25A7F296}.Debug|Any CPU.Build.0 = Debug|Any CPU
		{AE229A66-BFD8-40A5-9B65-FF1A25A7F296}.Release|Any CPU.ActiveCfg = Release|Any CPU
		{AE229A66-BFD8-40A5-9B65-FF1A25A7F296}.Release|Any CPU.Build.0 = Release|Any CPU
		{A129D89A-54EF-4388-9B1E-FAE3A45BD81E}.Debug|Any CPU.ActiveCfg = Debug|Any CPU
		{A129D89A-54EF-4388-9B1E-FAE3A45BD81E}.Debug|Any CPU.Build.0 = Debug|Any CPU
		{A129D89A-54EF-4388-9B1E-FAE3A45BD81E}.Release|Any CPU.ActiveCfg = Release|Any CPU
		{A129D89A-54EF-4388-9B1E-FAE3A45BD81E}.Release|Any CPU.Build.0 = Release|Any CPU
		{1925F084-88DF-415E-BCED-9DAEA6E31CDE}.Debug|Any CPU.ActiveCfg = Debug|Any CPU
		{1925F084-88DF-415E-BCED-9DAEA6E31CDE}.Debug|Any CPU.Build.0 = Debug|Any CPU
		{1925F084-88DF-415E-BCED-9DAEA6E31CDE}.Release|Any CPU.ActiveCfg = Release|Any CPU
		{1925F084-88DF-415E-BCED-9DAEA6E31CDE}.Release|Any CPU.Build.0 = Release|Any CPU
		{A75559E4-236B-4DE2-BA44-3CA6BA9CFFDA}.Debug|Any CPU.ActiveCfg = Debug|Any CPU
		{A75559E4-236B-4DE2-BA44-3CA6BA9CFFDA}.Debug|Any CPU.Build.0 = Debug|Any CPU
		{A75559E4-236B-4DE2-BA44-3CA6BA9CFFDA}.Release|Any CPU.ActiveCfg = Release|Any CPU
		{A75559E4-236B-4DE2-BA44-3CA6BA9CFFDA}.Release|Any CPU.Build.0 = Release|Any CPU
		{BE2629C0-0208-4D71-B933-438D4F0C6E39}.Debug|Any CPU.ActiveCfg = Debug|Any CPU
		{BE2629C0-0208-4D71-B933-438D4F0C6E39}.Debug|Any CPU.Build.0 = Debug|Any CPU
		{BE2629C0-0208-4D71-B933-438D4F0C6E39}.Release|Any CPU.ActiveCfg = Release|Any CPU
		{BE2629C0-0208-4D71-B933-438D4F0C6E39}.Release|Any CPU.Build.0 = Release|Any CPU
		{4125570D-7AFD-448F-BC74-20AB8CD9DED2}.Debug|Any CPU.ActiveCfg = Debug|Any CPU
		{4125570D-7AFD-448F-BC74-20AB8CD9DED2}.Debug|Any CPU.Build.0 = Debug|Any CPU
		{4125570D-7AFD-448F-BC74-20AB8CD9DED2}.Release|Any CPU.ActiveCfg = Release|Any CPU
		{4125570D-7AFD-448F-BC74-20AB8CD9DED2}.Release|Any CPU.Build.0 = Release|Any CPU
		{5C12EE45-E3D3-429A-A3A1-7CAFC1D8F079}.Debug|Any CPU.ActiveCfg = Debug|Any CPU
		{5C12EE45-E3D3-429A-A3A1-7CAFC1D8F079}.Debug|Any CPU.Build.0 = Debug|Any CPU
		{5C12EE45-E3D3-429A-A3A1-7CAFC1D8F079}.Release|Any CPU.ActiveCfg = Release|Any CPU
		{5C12EE45-E3D3-429A-A3A1-7CAFC1D8F079}.Release|Any CPU.Build.0 = Release|Any CPU
		{540E8882-CA99-4645-9E10-F3E24F9E9D68}.Debug|Any CPU.ActiveCfg = Debug|Any CPU
		{540E8882-CA99-4645-9E10-F3E24F9E9D68}.Debug|Any CPU.Build.0 = Debug|Any CPU
		{540E8882-CA99-4645-9E10-F3E24F9E9D68}.Release|Any CPU.ActiveCfg = Release|Any CPU
		{540E8882-CA99-4645-9E10-F3E24F9E9D68}.Release|Any CPU.Build.0 = Release|Any CPU
		{176FE0B1-F848-4AF1-87A3-E3DFED66E3D9}.Debug|Any CPU.ActiveCfg = Debug|Any CPU
		{176FE0B1-F848-4AF1-87A3-E3DFED66E3D9}.Debug|Any CPU.Build.0 = Debug|Any CPU
		{176FE0B1-F848-4AF1-87A3-E3DFED66E3D9}.Release|Any CPU.ActiveCfg = Release|Any CPU
		{176FE0B1-F848-4AF1-87A3-E3DFED66E3D9}.Release|Any CPU.Build.0 = Release|Any CPU
		{2CAF63FF-CE3F-40A5-A150-F34035CA46D0}.Debug|Any CPU.ActiveCfg = Debug|Any CPU
		{2CAF63FF-CE3F-40A5-A150-F34035CA46D0}.Debug|Any CPU.Build.0 = Debug|Any CPU
		{2CAF63FF-CE3F-40A5-A150-F34035CA46D0}.Release|Any CPU.ActiveCfg = Release|Any CPU
		{2CAF63FF-CE3F-40A5-A150-F34035CA46D0}.Release|Any CPU.Build.0 = Release|Any CPU
		{0856F69C-B3E4-4227-AD9E-F7A7D51358F2}.Debug|Any CPU.ActiveCfg = Debug|Any CPU
		{0856F69C-B3E4-4227-AD9E-F7A7D51358F2}.Debug|Any CPU.Build.0 = Debug|Any CPU
		{0856F69C-B3E4-4227-AD9E-F7A7D51358F2}.Release|Any CPU.ActiveCfg = Release|Any CPU
		{0856F69C-B3E4-4227-AD9E-F7A7D51358F2}.Release|Any CPU.Build.0 = Release|Any CPU
		{85D5DD89-19F6-49D3-A6DE-530E3F70EB33}.Debug|Any CPU.ActiveCfg = Debug|Any CPU
		{85D5DD89-19F6-49D3-A6DE-530E3F70EB33}.Debug|Any CPU.Build.0 = Debug|Any CPU
		{85D5DD89-19F6-49D3-A6DE-530E3F70EB33}.Release|Any CPU.ActiveCfg = Release|Any CPU
		{85D5DD89-19F6-49D3-A6DE-530E3F70EB33}.Release|Any CPU.Build.0 = Release|Any CPU
		{46406AB7-FFBF-4646-8153-0E0F25F00121}.Debug|Any CPU.ActiveCfg = Debug|Any CPU
		{46406AB7-FFBF-4646-8153-0E0F25F00121}.Debug|Any CPU.Build.0 = Debug|Any CPU
		{46406AB7-FFBF-4646-8153-0E0F25F00121}.Release|Any CPU.ActiveCfg = Release|Any CPU
		{46406AB7-FFBF-4646-8153-0E0F25F00121}.Release|Any CPU.Build.0 = Release|Any CPU
		{3EEFAC3E-98D5-4EC8-9872-20CB69B2E231}.Debug|Any CPU.ActiveCfg = Debug|Any CPU
		{3EEFAC3E-98D5-4EC8-9872-20CB69B2E231}.Debug|Any CPU.Build.0 = Debug|Any CPU
		{3EEFAC3E-98D5-4EC8-9872-20CB69B2E231}.Release|Any CPU.ActiveCfg = Release|Any CPU
		{3EEFAC3E-98D5-4EC8-9872-20CB69B2E231}.Release|Any CPU.Build.0 = Release|Any CPU
		{AAEF51B6-4E4B-4F30-A96E-183811F511D3}.Debug|Any CPU.ActiveCfg = Debug|Any CPU
		{AAEF51B6-4E4B-4F30-A96E-183811F511D3}.Debug|Any CPU.Build.0 = Debug|Any CPU
		{AAEF51B6-4E4B-4F30-A96E-183811F511D3}.Release|Any CPU.ActiveCfg = Release|Any CPU
		{AAEF51B6-4E4B-4F30-A96E-183811F511D3}.Release|Any CPU.Build.0 = Release|Any CPU
	EndGlobalSection
	GlobalSection(SolutionProperties) = preSolution
		HideSolutionNode = FALSE
	EndGlobalSection
	GlobalSection(NestedProjects) = preSolution
		{1925F084-88DF-415E-BCED-9DAEA6E31CDE} = {5004420F-7666-4C2E-97E1-EFE83480B861}
		{A75559E4-236B-4DE2-BA44-3CA6BA9CFFDA} = {5004420F-7666-4C2E-97E1-EFE83480B861}
		{BE2629C0-0208-4D71-B933-438D4F0C6E39} = {C7D54172-552E-4D91-9CFA-3A165F00A920}
		{4125570D-7AFD-448F-BC74-20AB8CD9DED2} = {C7D54172-552E-4D91-9CFA-3A165F00A920}
		{5C12EE45-E3D3-429A-A3A1-7CAFC1D8F079} = {C7D54172-552E-4D91-9CFA-3A165F00A920}
		{540E8882-CA99-4645-9E10-F3E24F9E9D68} = {C7D54172-552E-4D91-9CFA-3A165F00A920}
		{176FE0B1-F848-4AF1-87A3-E3DFED66E3D9} = {C7D54172-552E-4D91-9CFA-3A165F00A920}
		{2CAF63FF-CE3F-40A5-A150-F34035CA46D0} = {37461CF4-B385-45B6-AE93-FAE8BE80B249}
		{0856F69C-B3E4-4227-AD9E-F7A7D51358F2} = {37461CF4-B385-45B6-AE93-FAE8BE80B249}
		{85D5DD89-19F6-49D3-A6DE-530E3F70EB33} = {37461CF4-B385-45B6-AE93-FAE8BE80B249}
		{46406AB7-FFBF-4646-8153-0E0F25F00121} = {5F7F7858-F210-4E77-9B95-F3DEC3EA637B}
		{3EEFAC3E-98D5-4EC8-9872-20CB69B2E231} = {08E2DEDC-8D88-4F20-BE02-8E3095A9392D}
		{AAEF51B6-4E4B-4F30-A96E-183811F511D3} = {0CE11A7C-AA3D-4DBA-92E6-2A1CB03A4C5A}
	EndGlobalSection
	GlobalSection(ExtensibilityGlobals) = postSolution
		SolutionGuid = {7DA8A01D-070F-451B-8DF2-191DC42B1F0C}
	EndGlobalSection
EndGlobal
