
Microsoft Visual Studio Solution File, Format Version 12.00
# Visual Studio 15
VisualStudioVersion = 15.0.27703.2047
MinimumVisualStudioVersion = 10.0.40219.1
Project("{9A19103F-16F7-4668-BE54-9A1E7A4F7556}") = "WebApplication", "WebApplication\WebApplication.csproj", "{356F45CD-E9A3-434C-94B6-BBFEFDFE6824}"
EndProject
Project("{9A19103F-16F7-4668-BE54-9A1E7A4F7556}") = "WebMVC", "WebMVC\WebMVC.csproj", "{AE229A66-BFD8-40A5-9B65-FF1A25A7F296}"
EndProject
Project("{9A19103F-16F7-4668-BE54-9A1E7A4F7556}") = "WebAppRazorPage", "WebAppRazorPage\WebAppRazorPage.csproj", "{A129D89A-54EF-4388-9B1E-FAE3A45BD81E}"
EndProject
Project("{FAE04EC0-301F-11D3-BF4B-00C04F79EFBC}") = "WebMiddleware", "WebMiddleware\WebMiddleware.csproj", "{1925F084-88DF-415E-BCED-9DAEA6E31CDE}"
EndProject
Project("{2150E333-8FDC-42A3-9474-1A3956D46DE8}") = "MiddleWare", "MiddleWare", "{5004420F-7666-4C2E-97E1-EFE83480B861}"
EndProject
Project("{FAE04EC0-301F-11D3-BF4B-00C04F79EFBC}") = "MiddlewareExtensibilitySample", "MiddlewareExtensibilitySample\MiddlewareExtensibilitySample.csproj", "{A75559E4-236B-4DE2-BA44-3CA6BA9CFFDA}"
EndProject
Global
	GlobalSection(SolutionConfigurationPlatforms) = preSolution
		Debug|Any CPU = Debug|Any CPU
		Release|Any CPU = Release|Any CPU
	EndGlobalSection
	GlobalSection(ProjectConfigurationPlatforms) = postSolution
		{356F45CD-E9A3-434C-94B6-BBFEFDFE6824}.Debug|Any CPU.ActiveCfg = Debug|Any CPU
		{356F45CD-E9A3-434C-94B6-BBFEFDFE6824}.Debug|Any CPU.Build.0 = Debug|Any CPU
		{356F45CD-E9A3-434C-94B6-BBFEFDFE6824}.Release|Any CPU.ActiveCfg = Release|Any CPU
		{356F45CD-E9A3-434C-94B6-BBFEFDFE6824}.Release|Any CPU.Build.0 = Release|Any CPU
		{AE229A66-BFD8-40A5-9B65-FF1A25A7F296}.Debug|Any CPU.ActiveCfg = Debug|Any CPU
		{AE229A66-BFD8-40A5-9B65-FF1A25A7F296}.Debug|Any CPU.Build.0 = Debug|Any CPU
		{AE229A66-BFD8-40A5-9B65-FF1A25A7F296}.Release|Any CPU.ActiveCfg = Release|Any CPU
		{AE229A66-BFD8-40A5-9B65-FF1A25A7F296}.Release|Any CPU.Build.0 = Release|Any CPU
		{A129D89A-54EF-4388-9B1E-FAE3A45BD81E}.Debug|Any CPU.ActiveCfg = Debug|Any CPU
		{A129D89A-54EF-4388-9B1E-FAE3A45BD81E}.Debug|Any CPU.Build.0 = Debug|Any CPU
		{A129D89A-54EF-4388-9B1E-FAE3A45BD81E}.Release|Any CPU.ActiveCfg = Release|Any CPU
		{A129D89A-54EF-4388-9B1E-FAE3A45BD81E}.Release|Any CPU.Build.0 = Release|Any CPU
		{1925F084-88DF-415E-BCED-9DAEA6E31CDE}.Debug|Any CPU.ActiveCfg = Debug|Any CPU
		{1925F084-88DF-415E-BCED-9DAEA6E31CDE}.Debug|Any CPU.Build.0 = Debug|Any CPU
		{1925F084-88DF-415E-BCED-9DAEA6E31CDE}.Release|Any CPU.ActiveCfg = Release|Any CPU
		{1925F084-88DF-415E-BCED-9DAEA6E31CDE}.Release|Any CPU.Build.0 = Release|Any CPU
		{A75559E4-236B-4DE2-BA44-3CA6BA9CFFDA}.Debug|Any CPU.ActiveCfg = Debug|Any CPU
		{A75559E4-236B-4DE2-BA44-3CA6BA9CFFDA}.Debug|Any CPU.Build.0 = Debug|Any CPU
		{A75559E4-236B-4DE2-BA44-3CA6BA9CFFDA}.Release|Any CPU.ActiveCfg = Release|Any CPU
		{A75559E4-236B-4DE2-BA44-3CA6BA9CFFDA}.Release|Any CPU.Build.0 = Release|Any CPU
	EndGlobalSection
	GlobalSection(SolutionProperties) = preSolution
		HideSolutionNode = FALSE
	EndGlobalSection
	GlobalSection(NestedProjects) = preSolution
		{1925F084-88DF-415E-BCED-9DAEA6E31CDE} = {5004420F-7666-4C2E-97E1-EFE83480B861}
		{A75559E4-236B-4DE2-BA44-3CA6BA9CFFDA} = {5004420F-7666-4C2E-97E1-EFE83480B861}
	EndGlobalSection
	GlobalSection(ExtensibilityGlobals) = postSolution
		SolutionGuid = {7DA8A01D-070F-451B-8DF2-191DC42B1F0C}
	EndGlobalSection
EndGlobal
