
Microsoft Visual Studio Solution File, Format Version 12.00
# Visual Studio Version 16
VisualStudioVersion = 16.0.31105.61
MinimumVisualStudioVersion = 10.0.40219.1
Project("{FAE04EC0-301F-11D3-BF4B-00C04F79EFBC}") = "_03_EfDatetime", "_03_EfDatetime\_03_EfDatetime.csproj", "{BFAE732C-FEA4-4186-849A-9151AF1BFE7A}"
EndProject
Global
	GlobalSection(SolutionConfigurationPlatforms) = preSolution
		Debug|Any CPU = Debug|Any CPU
		Release|Any CPU = Release|Any CPU
	EndGlobalSection
	GlobalSection(ProjectConfigurationPlatforms) = postSolution
		{BFAE732C-FEA4-4186-849A-9151AF1BFE7A}.Debug|Any CPU.ActiveCfg = Debug|Any CPU
		{BFAE732C-FEA4-4186-849A-9151AF1BFE7A}.Debug|Any CPU.Build.0 = Debug|Any CPU
		{BFAE732C-FEA4-4186-849A-9151AF1BFE7A}.Release|Any CPU.ActiveCfg = Release|Any CPU
		{BFAE732C-FEA4-4186-849A-9151AF1BFE7A}.Release|Any CPU.Build.0 = Release|Any CPU
	EndGlobalSection
	GlobalSection(SolutionProperties) = preSolution
		HideSolutionNode = FALSE
	EndGlobalSection
	GlobalSection(ExtensibilityGlobals) = postSolution
		SolutionGuid = {ECC1FECA-257D-4517-B03B-30964B927916}
	EndGlobalSection
EndGlobal
