
Microsoft Visual Studio Solution File, Format Version 12.00
# Visual Studio Version 16
VisualStudioVersion = 16.0.29806.167
MinimumVisualStudioVersion = 10.0.40219.1
Project("{9A19103F-16F7-4668-BE54-9A1E7A4F7556}") = "_Configuration_01_1", "_Configuration_01_1\_Configuration_01_1.csproj", "{E8BF2ECA-830A-4992-B148-09297D4C2B4B}"
EndProject
Project("{9A19103F-16F7-4668-BE54-9A1E7A4F7556}") = "_Configuration_01_2", "_Configuration_01_2\_Configuration_01_2.csproj", "{E4B22A00-2687-4E2A-9AC1-A75350DBE77F}"
EndProject
Project("{9A19103F-16F7-4668-BE54-9A1E7A4F7556}") = "_Configuration_03", "_Configuration_03\_Configuration_03.csproj", "{7D1037EB-6E75-426A-A996-61B74E3D4C62}"
EndProject
Project("{9A19103F-16F7-4668-BE54-9A1E7A4F7556}") = "_Configuration_04", "_Configuration_04\_Configuration_04.csproj", "{9F2C34A3-31C6-493A-B02D-33932F984141}"
EndProject
Project("{FAE04EC0-301F-11D3-BF4B-00C04F79EFBC}") = "_Configuration_09", "_Configuration_09\_Configuration_09.csproj", "{DA9C1083-E5D4-402D-840E-67B0353695A0}"
EndProject
Global
	GlobalSection(SolutionConfigurationPlatforms) = preSolution
		Debug|Any CPU = Debug|Any CPU
		Release|Any CPU = Release|Any CPU
	EndGlobalSection
	GlobalSection(ProjectConfigurationPlatforms) = postSolution
		{E8BF2ECA-830A-4992-B148-09297D4C2B4B}.Debug|Any CPU.ActiveCfg = Debug|Any CPU
		{E8BF2ECA-830A-4992-B148-09297D4C2B4B}.Debug|Any CPU.Build.0 = Debug|Any CPU
		{E8BF2ECA-830A-4992-B148-09297D4C2B4B}.Release|Any CPU.ActiveCfg = Release|Any CPU
		{E8BF2ECA-830A-4992-B148-09297D4C2B4B}.Release|Any CPU.Build.0 = Release|Any CPU
		{E4B22A00-2687-4E2A-9AC1-A75350DBE77F}.Debug|Any CPU.ActiveCfg = Debug|Any CPU
		{E4B22A00-2687-4E2A-9AC1-A75350DBE77F}.Debug|Any CPU.Build.0 = Debug|Any CPU
		{E4B22A00-2687-4E2A-9AC1-A75350DBE77F}.Release|Any CPU.ActiveCfg = Release|Any CPU
		{E4B22A00-2687-4E2A-9AC1-A75350DBE77F}.Release|Any CPU.Build.0 = Release|Any CPU
		{7D1037EB-6E75-426A-A996-61B74E3D4C62}.Debug|Any CPU.ActiveCfg = Debug|Any CPU
		{7D1037EB-6E75-426A-A996-61B74E3D4C62}.Debug|Any CPU.Build.0 = Debug|Any CPU
		{7D1037EB-6E75-426A-A996-61B74E3D4C62}.Release|Any CPU.ActiveCfg = Release|Any CPU
		{7D1037EB-6E75-426A-A996-61B74E3D4C62}.Release|Any CPU.Build.0 = Release|Any CPU
		{9F2C34A3-31C6-493A-B02D-33932F984141}.Debug|Any CPU.ActiveCfg = Debug|Any CPU
		{9F2C34A3-31C6-493A-B02D-33932F984141}.Debug|Any CPU.Build.0 = Debug|Any CPU
		{9F2C34A3-31C6-493A-B02D-33932F984141}.Release|Any CPU.ActiveCfg = Release|Any CPU
		{9F2C34A3-31C6-493A-B02D-33932F984141}.Release|Any CPU.Build.0 = Release|Any CPU
		{DA9C1083-E5D4-402D-840E-67B0353695A0}.Debug|Any CPU.ActiveCfg = Debug|Any CPU
		{DA9C1083-E5D4-402D-840E-67B0353695A0}.Debug|Any CPU.Build.0 = Debug|Any CPU
		{DA9C1083-E5D4-402D-840E-67B0353695A0}.Release|Any CPU.ActiveCfg = Release|Any CPU
		{DA9C1083-E5D4-402D-840E-67B0353695A0}.Release|Any CPU.Build.0 = Release|Any CPU
	EndGlobalSection
	GlobalSection(SolutionProperties) = preSolution
		HideSolutionNode = FALSE
	EndGlobalSection
	GlobalSection(ExtensibilityGlobals) = postSolution
		SolutionGuid = {A6A3ABBE-1009-46F6-84A4-97CF447D7909}
	EndGlobalSection
EndGlobal
